{
  "requires": true,
  "lockfileVersion": 1,
  "dependencies": {
    "babel-runtime": {
      "version": "6.26.0",
      "resolved": "https://registry.npm.taobao.org/babel-runtime/download/babel-runtime-6.26.0.tgz",
      "integrity": "sha1-llxwWGaOgrVde/4E/yM3vItWR/4=",
      "requires": {
        "core-js": "^2.4.0",
        "regenerator-runtime": "^0.11.0"
      }
    },
    "bn.js": {
      "version": "4.11.6",
      "resolved": "https://registry.npm.taobao.org/bn.js/download/bn.js-4.11.6.tgz",
      "integrity": "sha1-UzRK2xRhehP26N0s4okF0cC6MhU="
    },
    "core-js": {
      "version": "2.6.11",
      "resolved": "https://registry.npm.taobao.org/core-js/download/core-js-2.6.11.tgz",
      "integrity": "sha1-OIMUafmSK97Y7iHJ3EaYXgOZMIw="
    },
    "ethjs-abi": {
      "version": "0.2.0",
      "resolved": "https://registry.npm.taobao.org/ethjs-abi/download/ethjs-abi-0.2.0.tgz",
      "integrity": "sha1-0+LCIQEVIPxJm3FoIDbBT8wvWyU=",
      "requires": {
        "bn.js": "4.11.6",
        "js-sha3": "0.5.5",
        "number-to-bn": "1.7.0"
      }
    },
    "ethjs-contract": {
      "version": "0.2.3",
      "resolved": "https://registry.npm.taobao.org/ethjs-contract/download/ethjs-contract-0.2.3.tgz",
      "integrity": "sha1-8RPO2O0cnGNbC37HGQE0C2Toze0=",
      "requires": {
        "babel-runtime": "^6.26.0",
        "ethjs-abi": "0.2.0",
        "ethjs-filter": "0.1.8",
        "ethjs-util": "0.1.3",
        "js-sha3": "0.5.5"
      }
    },
    "ethjs-filter": {
      "version": "0.1.8",
      "resolved": "https://registry.npm.taobao.org/ethjs-filter/download/ethjs-filter-0.1.8.tgz",
      "integrity": "sha1-KwJya4IO1N04YGFNGFwMD37RdH8="
    },
    "ethjs-format": {
      "version": "0.2.7",
      "resolved": "https://registry.npm.taobao.org/ethjs-format/download/ethjs-format-0.2.7.tgz",
      "integrity": "sha1-IMkvMcJZo4FYjQaYMNg4tIl3S4Y=",
      "requires": {
        "bn.js": "4.11.6",
        "ethjs-schema": "0.2.1",
        "ethjs-util": "0.1.3",
        "is-hex-prefixed": "1.0.0",
        "number-to-bn": "1.7.0",
        "strip-hex-prefix": "1.0.0"
      }
    },
    "ethjs-query": {
      "version": "0.3.8",
      "resolved": "https://registry.npm.taobao.org/ethjs-query/download/ethjs-query-0.3.8.tgz",
      "integrity": "sha1-qlrwKIe91fPHizJW0PIv/V01dJA=",
      "requires": {
        "babel-runtime": "^6.26.0",
        "ethjs-format": "0.2.7",
        "ethjs-rpc": "0.2.0",
        "promise-to-callback": "^1.0.0"
      }
    },
    "ethjs-rpc": {
      "version": "0.2.0",
      "resolved": "https://registry.npm.taobao.org/ethjs-rpc/download/ethjs-rpc-0.2.0.tgz",
      "integrity": "sha1-PQAR4yz/8VbtYUeBjG+4+AFwG0w=",
      "requires": {
        "promise-to-callback": "^1.0.0"
      }
    },
    "ethjs-schema": {
      "version": "0.2.1",
      "resolved": "https://registry.npm.taobao.org/ethjs-schema/download/ethjs-schema-0.2.1.tgz",
      "integrity": "sha1-R+E4kgQhRTYXBpA0aEZC4muzEPQ="
    },
    "ethjs-util": {
      "version": "0.1.3",
      "resolved": "https://registry.npm.taobao.org/ethjs-util/download/ethjs-util-0.1.3.tgz",
      "integrity": "sha1-39XqSkANxeQhqInK9H4IGtp4u1U=",
      "requires": {
        "is-hex-prefixed": "1.0.0",
        "strip-hex-prefix": "1.0.0"
      }
    },
    "is-fn": {
      "version": "1.0.0",
      "resolved": "https://registry.npm.taobao.org/is-fn/download/is-fn-1.0.0.tgz",
      "integrity": "sha1-lUPV3nvPWwiiLsiiC65uKG1RDYw="
    },
    "is-hex-prefixed": {
      "version": "1.0.0",
      "resolved": "https://registry.npm.taobao.org/is-hex-prefixed/download/is-hex-prefixed-1.0.0.tgz",
      "integrity": "sha1-fY035q135dEnFIkTxXPggtd39VQ="
    },
    "js-sha3": {
      "version": "0.5.5",
      "resolved": "https://registry.npm.taobao.org/js-sha3/download/js-sha3-0.5.5.tgz",
      "integrity": "sha1-uvDA6MVK1ZA0R9+Wreekobynmko="
    },
    "number-to-bn": {
      "version": "1.7.0",
      "resolved": "https://registry.npm.taobao.org/number-to-bn/download/number-to-bn-1.7.0.tgz",
      "integrity": "sha1-uzYjWS9+X54AMLGXe9QaDFP+HqA=",
      "requires": {
        "bn.js": "4.11.6",
        "strip-hex-prefix": "1.0.0"
      }
    },
    "promise-to-callback": {
      "version": "1.0.0",
      "resolved": "https://registry.npm.taobao.org/promise-to-callback/download/promise-to-callback-1.0.0.tgz",
      "integrity": "sha1-XSp0kBC/tn2WNZj805YHRqaP7vc=",
      "requires": {
        "is-fn": "^1.0.0",
        "set-immediate-shim": "^1.0.1"
      }
    },
    "regenerator-runtime": {
      "version": "0.11.1",
      "resolved": "https://registry.npm.taobao.org/regenerator-runtime/download/regenerator-runtime-0.11.1.tgz?cache=0&sync_timestamp=1584052597708&other_urls=https%3A%2F%2Fregistry.npm.taobao.org%2Fregenerator-runtime%2Fdownload%2Fregenerator-runtime-0.11.1.tgz",
      "integrity": "sha1-vgWtf5v30i4Fb5cmzuUBf78Z4uk="
    },
    "set-immediate-shim": {
      "version": "1.0.1",
      "resolved": "https://registry.npm.taobao.org/set-immediate-shim/download/set-immediate-shim-1.0.1.tgz",
      "integrity": "sha1-SysbJ+uAip+NzEgaWOXlb1mfP2E="
    },
    "strip-hex-prefix": {
      "version": "1.0.0",
      "resolved": "https://registry.npm.taobao.org/strip-hex-prefix/download/strip-hex-prefix-1.0.0.tgz",
      "integrity": "sha1-DF8VX+8RUTczd96du1iNoFUA428=",
      "requires": {
        "is-hex-prefixed": "1.0.0"
      }
    }
  }
}
